
Microsoft Visual Studio Solution File, Format Version 12.00
# Visual Studio 15
VisualStudioVersion = 15.0.28010.2019
MinimumVisualStudioVersion = 10.0.40219.1
Project("{FAE04EC0-301F-11D3-BF4B-00C04F79EFBC}") = "Lab1", "Lab1\Lab1.csproj", "{70940419-2F70-4EE5-A602-66C1971CDB32}"
EndProject
Global
	GlobalSection(SolutionConfigurationPlatforms) = preSolution
		Debug|Any CPU = Debug|Any CPU
		Release|Any CPU = Release|Any CPU
	EndGlobalSection
	GlobalSection(ProjectConfigurationPlatforms) = postSolution
		{70940419-2F70-4EE5-A602-66C1971CDB32}.Debug|Any CPU.ActiveCfg = Debug|Any CPU
		{70940419-2F70-4EE5-A602-66C1971CDB32}.Debug|Any CPU.Build.0 = Debug|Any CPU
		{70940419-2F70-4EE5-A602-66C1971CDB32}.Release|Any CPU.ActiveCfg = Release|Any CPU
		{70940419-2F70-4EE5-A602-66C1971CDB32}.Release|Any CPU.Build.0 = Release|Any CPU
	EndGlobalSection
	GlobalSection(SolutionProperties) = preSolution
		HideSolutionNode = FALSE
	EndGlobalSection
	GlobalSection(ExtensibilityGlobals) = postSolution
		SolutionGuid = {9311D7BA-5D03-4A22-841F-377CC04B82B0}
	EndGlobalSection
EndGlobal
